
Microsoft Visual Studio Solution File, Format Version 12.00
# Visual Studio Version 17
VisualStudioVersion = 17.12.35707.178 d17.12
MinimumVisualStudioVersion = 10.0.40219.1
Project("{8BC9CEB8-8B4A-11D0-8D11-00A0C91BC942}") = "TextAdventureAttempt2", "TextAdventureAttempt2\TextAdventureAttempt2.vcxproj", "{99066994-93E3-42AA-A37D-BD938E5B782A}"
EndProject
Global
	GlobalSection(SolutionConfigurationPlatforms) = preSolution
		Debug|x64 = Debug|x64
		Debug|x86 = Debug|x86
		Release|x64 = Release|x64
		Release|x86 = Release|x86
	EndGlobalSection
	GlobalSection(ProjectConfigurationPlatforms) = postSolution
		{99066994-93E3-42AA-A37D-BD938E5B782A}.Debug|x64.ActiveCfg = Debug|x64
		{99066994-93E3-42AA-A37D-BD938E5B782A}.Debug|x64.Build.0 = Debug|x64
		{99066994-93E3-42AA-A37D-BD938E5B782A}.Debug|x86.ActiveCfg = Debug|Win32
		{99066994-93E3-42AA-A37D-BD938E5B782A}.Debug|x86.Build.0 = Debug|Win32
		{99066994-93E3-42AA-A37D-BD938E5B782A}.Release|x64.ActiveCfg = Release|x64
		{99066994-93E3-42AA-A37D-BD938E5B782A}.Release|x64.Build.0 = Release|x64
		{99066994-93E3-42AA-A37D-BD938E5B782A}.Release|x86.ActiveCfg = Release|Win32
		{99066994-93E3-42AA-A37D-BD938E5B782A}.Release|x86.Build.0 = Release|Win32
	EndGlobalSection
	GlobalSection(SolutionProperties) = preSolution
		HideSolutionNode = FALSE
	EndGlobalSection
EndGlobal
